<?xml version="1.0" encoding="utf-8"?>
<Project ToolsVersion="4.0" xmlns="http://schemas.microsoft.com/developer/msbuild/2003">
  <ItemGroup>
    <Filter Include="Source Files">
      <UniqueIdentifier>{4FC737F1-C7A5-4376-A066-2A32D752A2FF}</UniqueIdentifier>
      <Extensions>cpp;c;cc;cxx;def;odl;idl;hpj;bat;asm;asmx</Extensions>
    </Filter>
    <Filter Include="Header Files">
      <UniqueIdentifier>{93995380-89BD-4b04-88EB-625FBE52EBFB}</UniqueIdentifier>
      <Extensions>h;hh;hpp;hxx;hm;inl;inc;xsd</Extensions>
    </Filter>
    <Filter Include="Resource Files">
      <UniqueIdentifier>{67DA6AB6-F800-4c08-8B7A-83BB121AAD01}</UniqueIdentifier>
      <Extensions>rc;ico;cur;bmp;dlg;rc2;rct;bin;rgs;gif;jpg;jpeg;jpe;resx;tiff;tif;png;wav;mfcribbon-ms</Extensions>
    </Filter>
    <Filter Include="Source Files\expermental">
      <UniqueIdentifier>{a75122da-785b-48df-b80e-81a59823f8f9}</UniqueIdentifier>
    </Filter>
    <Filter Include="Header Files\experimental">
      <UniqueIdentifier>{b7610c44-59e4-489c-b0a8-ddf8a3a653a1}</UniqueIdentifier>
    </Filter>
  </ItemGroup>
  <ItemGroup>
    <ClCompile Include="src\Angle.cpp">
      <Filter>Source Files</Filter>
    </ClCompile>
    <ClCompile Include="src\Atom.cpp">
      <Filter>Source Files</Filter>
    </ClCompile>
    <ClCompile Include="src\Bond.cpp">
      <Filter>Source Files</Filter>
    </ClCompile>
    <ClCompile Include="src\Bond_UB.cpp">
      <Filter>Source Files</Filter>
    </ClCompile>
    <ClCompile Include="src\Dihedral.cpp">
      <Filter>Source Files</Filter>
    </ClCompile>
    <ClCompile Include="src\Dihedral_improper.cpp">
      <Filter>Source Files</Filter>
    </ClCompile>
    <ClCompile Include="src\Ens_NVT.cpp">
      <Filter>Source Files</Filter>
    </ClCompile>
    <ClCompile Include="src\Ensemble.cpp">
      <Filter>Source Files</Filter>
    </ClCompile>
    <ClCompile Include="src\FField.cpp">
      <Filter>Source Files</Filter>
    </ClCompile>
    <ClCompile Include="src\FField_MDBAS.cpp">
      <Filter>Source Files</Filter>
    </ClCompile>
    <ClCompile Include="src\IO.cpp">
      <Filter>Source Files</Filter>
    </ClCompile>
    <ClCompile Include="src\IO_MDBAS.cpp">
      <Filter>Source Files</Filter>
    </ClCompile>
    <ClCompile Include="src\List_Moves.cpp">
      <Filter>Source Files</Filter>
    </ClCompile>
    <ClCompile Include="src\List_nonBonded.cpp">
      <Filter>Source Files</Filter>
    </ClCompile>
    <ClCompile Include="src\mc_cpp.cpp">
      <Filter>Source Files</Filter>
    </ClCompile>
    <ClCompile Include="src\MC.cpp">
      <Filter>Source Files</Filter>
    </ClCompile>
    <ClCompile Include="src\MC_metropolis.cpp">
      <Filter>Source Files</Filter>
    </ClCompile>
    <ClCompile Include="src\Parser.cpp">
      <Filter>Source Files</Filter>
    </ClCompile>
    <ClCompile Include="src\PerConditions.cpp">
      <Filter>Source Files</Filter>
    </ClCompile>
    <ClCompile Include="src\Selection.cpp">
      <Filter>Source Files</Filter>
    </ClCompile>
    <ClCompile Include="src\experimental\Ens_NPT.cpp">
      <Filter>Source Files\expermental</Filter>
    </ClCompile>
    <ClCompile Include="src\experimental\IO_CHARMM.cpp">
      <Filter>Source Files\expermental</Filter>
    </ClCompile>
    <ClCompile Include="src\experimental\MC_spav.cpp">
      <Filter>Source Files\expermental</Filter>
    </ClCompile>
  </ItemGroup>
  <ItemGroup>
    <ClInclude Include="include\Angle.hpp">
      <Filter>Header Files</Filter>
    </ClInclude>
    <ClInclude Include="include\Atom.hpp">
      <Filter>Header Files</Filter>
    </ClInclude>
    <ClInclude Include="include\Bond.hpp">
      <Filter>Header Files</Filter>
    </ClInclude>
    <ClInclude Include="include\Bond_UB.hpp">
      <Filter>Header Files</Filter>
    </ClInclude>
    <ClInclude Include="include\Constants.hpp">
      <Filter>Header Files</Filter>
    </ClInclude>
    <ClInclude Include="include\Dihedral.hpp">
      <Filter>Header Files</Filter>
    </ClInclude>
    <ClInclude Include="include\Dihedral_improper.hpp">
      <Filter>Header Files</Filter>
    </ClInclude>
    <ClInclude Include="include\Ens_NVT.hpp">
      <Filter>Header Files</Filter>
    </ClInclude>
    <ClInclude Include="include\Ensemble.hpp">
      <Filter>Header Files</Filter>
    </ClInclude>
    <ClInclude Include="include\FField.hpp">
      <Filter>Header Files</Filter>
    </ClInclude>
    <ClInclude Include="include\FField_MDBAS.hpp">
      <Filter>Header Files</Filter>
    </ClInclude>
    <ClInclude Include="include\IO.hpp">
      <Filter>Header Files</Filter>
    </ClInclude>
    <ClInclude Include="include\IO_MDBAS.hpp">
      <Filter>Header Files</Filter>
    </ClInclude>
    <ClInclude Include="include\List_Moves.hpp">
      <Filter>Header Files</Filter>
    </ClInclude>
    <ClInclude Include="include\List_nonBonded.hpp">
      <Filter>Header Files</Filter>
    </ClInclude>
    <ClInclude Include="include\MC.hpp">
      <Filter>Header Files</Filter>
    </ClInclude>
    <ClInclude Include="include\MC_metropolis.hpp">
      <Filter>Header Files</Filter>
    </ClInclude>
    <ClInclude Include="include\Move.hpp">
      <Filter>Header Files</Filter>
    </ClInclude>
    <ClInclude Include="include\Parser.hpp">
      <Filter>Header Files</Filter>
    </ClInclude>
    <ClInclude Include="include\PerConditions.hpp">
      <Filter>Header Files</Filter>
    </ClInclude>
    <ClInclude Include="include\Selection.hpp">
      <Filter>Header Files</Filter>
    </ClInclude>
    <ClInclude Include="include\Tools.hpp">
      <Filter>Header Files</Filter>
    </ClInclude>
    <ClInclude Include="include\experimental\Ens_NPT.hpp">
      <Filter>Header Files\experimental</Filter>
    </ClInclude>
    <ClInclude Include="include\experimental\IO_CHARMM.hpp">
      <Filter>Header Files\experimental</Filter>
    </ClInclude>
    <ClInclude Include="include\experimental\MC_spav.hpp">
      <Filter>Header Files\experimental</Filter>
    </ClInclude>
  </ItemGroup>
  <ItemGroup>
    <Xml Include="test\argon_box.xml">
      <Filter>Resource Files</Filter>
    </Xml>
    <Xml Include="test\diala_vac.xml">
      <Filter>Resource Files</Filter>
    </Xml>
    <Xml Include="test\nma_solvated.xml">
      <Filter>Resource Files</Filter>
    </Xml>
    <Xml Include="test\trhbn_solvated.xml">
      <Filter>Resource Files</Filter>
    </Xml>
  </ItemGroup>
</Project>
