<?xml version="1.0" encoding="Windows-1252"?>
<Project ToolsVersion="12.0" xmlns="http://schemas.microsoft.com/developer/msbuild/2003">
  <ItemGroup>
    <ClCompile Include="C:\Users\Florent\Desktop\prog\mc_cpp\src\Angle.cpp">
      <Filter>Source Files</Filter>
    </ClCompile>
    <ClCompile Include="C:\Users\Florent\Desktop\prog\mc_cpp\src\Atom.cpp">
      <Filter>Source Files</Filter>
    </ClCompile>
    <ClCompile Include="C:\Users\Florent\Desktop\prog\mc_cpp\src\Bond.cpp">
      <Filter>Source Files</Filter>
    </ClCompile>
    <ClCompile Include="C:\Users\Florent\Desktop\prog\mc_cpp\src\Bond_UB.cpp">
      <Filter>Source Files</Filter>
    </ClCompile>
    <ClCompile Include="C:\Users\Florent\Desktop\prog\mc_cpp\src\Dihedral.cpp">
      <Filter>Source Files</Filter>
    </ClCompile>
    <ClCompile Include="C:\Users\Florent\Desktop\prog\mc_cpp\src\Dihedral_improper.cpp">
      <Filter>Source Files</Filter>
    </ClCompile>
    <ClCompile Include="C:\Users\Florent\Desktop\prog\mc_cpp\src\Ensemble.cpp">
      <Filter>Source Files</Filter>
    </ClCompile>
    <ClCompile Include="C:\Users\Florent\Desktop\prog\mc_cpp\src\Ens_NVT.cpp">
      <Filter>Source Files</Filter>
    </ClCompile>
    <ClCompile Include="C:\Users\Florent\Desktop\prog\mc_cpp\src\FField.cpp">
      <Filter>Source Files</Filter>
    </ClCompile>
    <ClCompile Include="C:\Users\Florent\Desktop\prog\mc_cpp\src\FField_MDBAS.cpp">
      <Filter>Source Files</Filter>
    </ClCompile>
    <ClCompile Include="C:\Users\Florent\Desktop\prog\mc_cpp\src\IO.cpp">
      <Filter>Source Files</Filter>
    </ClCompile>
    <ClCompile Include="C:\Users\Florent\Desktop\prog\mc_cpp\src\IO_MDBAS.cpp">
      <Filter>Source Files</Filter>
    </ClCompile>
    <ClCompile Include="C:\Users\Florent\Desktop\prog\mc_cpp\src\List_Moves.cpp">
      <Filter>Source Files</Filter>
    </ClCompile>
    <ClCompile Include="C:\Users\Florent\Desktop\prog\mc_cpp\src\List_nonBonded.cpp">
      <Filter>Source Files</Filter>
    </ClCompile>
    <ClCompile Include="C:\Users\Florent\Desktop\prog\mc_cpp\src\main.cpp">
      <Filter>Source Files</Filter>
    </ClCompile>
    <ClCompile Include="C:\Users\Florent\Desktop\prog\mc_cpp\src\MC.cpp">
      <Filter>Source Files</Filter>
    </ClCompile>
    <ClCompile Include="C:\Users\Florent\Desktop\prog\mc_cpp\src\MC_metropolis.cpp">
      <Filter>Source Files</Filter>
    </ClCompile>
    <ClCompile Include="C:\Users\Florent\Desktop\prog\mc_cpp\src\Parser.cpp">
      <Filter>Source Files</Filter>
    </ClCompile>
    <ClCompile Include="C:\Users\Florent\Desktop\prog\mc_cpp\src\PerConditions.cpp">
      <Filter>Source Files</Filter>
    </ClCompile>
    <ClCompile Include="C:\Users\Florent\Desktop\prog\mc_cpp\src\Selection.cpp">
      <Filter>Source Files</Filter>
    </ClCompile>
    <ClCompile Include="C:\Users\Florent\Desktop\prog\mc_cpp\src\experimental\Ens_NPT.cpp">
      <Filter>Source Files</Filter>
    </ClCompile>
    <ClCompile Include="C:\Users\Florent\Desktop\prog\mc_cpp\src\experimental\IO_CHARMM.cpp">
      <Filter>Source Files</Filter>
    </ClCompile>
    <ClCompile Include="C:\Users\Florent\Desktop\prog\mc_cpp\src\experimental\MC_spav.cpp">
      <Filter>Source Files</Filter>
    </ClCompile>
  </ItemGroup>
  <ItemGroup>
    <CustomBuild Include="C:\Users\Florent\Desktop\prog\mc_cpp\CMakeLists.txt" />
  </ItemGroup>
  <ItemGroup>
    <Filter Include="Source Files">
      <UniqueIdentifier>{C2D6725C-698B-4157-BAC2-E2D2654018E1}</UniqueIdentifier>
    </Filter>
  </ItemGroup>
</Project>
